// !$*UTF8*$!
{
	archiveVersion = 1;
	classes = {
	};
	objectVersion = 48;
	objects = {

/* Begin PBXBuildFile section */
		841522C72069794700BED8FA /* TFQuestionBank.swift in Sources */ = {isa = PBXBuildFile; fileRef = 841522C62069794700BED8FA /* TFQuestionBank.swift */; };
		841522CA2069796D00BED8FA /* TFQuestion.swift in Sources */ = {isa = PBXBuildFile; fileRef = 841522C92069796D00BED8FA /* TFQuestion.swift */; };
		841822512041F3BE00CCC6E4 /* GameState.swift in Sources */ = {isa = PBXBuildFile; fileRef = 841822502041F3BE00CCC6E4 /* GameState.swift */; };
		841E477B2051ADA8005A43A4 /* Question.swift in Sources */ = {isa = PBXBuildFile; fileRef = 841E477A2051ADA8005A43A4 /* Question.swift */; };
		841E477D2051AEA2005A43A4 /* QuestionBank.swift in Sources */ = {isa = PBXBuildFile; fileRef = 841E477C2051AEA2005A43A4 /* QuestionBank.swift */; };
		8449C3F6205779D3003C7DE8 /* Coin.sks in Resources */ = {isa = PBXBuildFile; fileRef = 8449C3F5205779D3003C7DE8 /* Coin.sks */; };
		8449C3F820577F11003C7DE8 /* Coin2.sks in Resources */ = {isa = PBXBuildFile; fileRef = 8449C3F720577F11003C7DE8 /* Coin2.sks */; };
		8476C0C620714F64006D020B /* GameKitHelper.swift in Sources */ = {isa = PBXBuildFile; fileRef = 8476C0C520714F64006D020B /* GameKitHelper.swift */; };
		8476C0C82071539F006D020B /* CybernautNavigationController.swift in Sources */ = {isa = PBXBuildFile; fileRef = 8476C0C72071539F006D020B /* CybernautNavigationController.swift */; };
		8476C0CA20716587006D020B /* GameKit.framework in Frameworks */ = {isa = PBXBuildFile; fileRef = 8476C0C920716587006D020B /* GameKit.framework */; };
		8476C0CE20719517006D020B /* HomeScreenViewController.swift in Sources */ = {isa = PBXBuildFile; fileRef = 8476C0CD20719517006D020B /* HomeScreenViewController.swift */; };
		847FEDA520448A4A002DEA29 /* Assets.xcassets in Resources */ = {isa = PBXBuildFile; fileRef = 847FEDA320448A4A002DEA29 /* Assets.xcassets */; };
		847FEDA720448A63002DEA29 /* Lava.sks in Resources */ = {isa = PBXBuildFile; fileRef = 847FEDA620448A63002DEA29 /* Lava.sks */; };
		847FEDA920448FC8002DEA29 /* SmokeTrail.sks in Resources */ = {isa = PBXBuildFile; fileRef = 847FEDA820448FC8002DEA29 /* SmokeTrail.sks */; };
		8499845F2043836500A35957 /* Platform2Across.sks in Resources */ = {isa = PBXBuildFile; fileRef = 8499845E2043836500A35957 /* Platform2Across.sks */; };
		849D57DF20697AB400D80ED1 /* PlayerTrail.sks in Resources */ = {isa = PBXBuildFile; fileRef = 849D57DE20697AB400D80ED1 /* PlayerTrail.sks */; };
		849D57E5206C7BCE00D80ED1 /* SpaceGame.mp3 in Resources */ = {isa = PBXBuildFile; fileRef = 849D57E4206C7BCD00D80ED1 /* SpaceGame.mp3 */; };
		849D57E9206C806D00D80ED1 /* bombDrop.mp3 in Resources */ = {isa = PBXBuildFile; fileRef = 849D57E8206C806D00D80ED1 /* bombDrop.mp3 */; };
		849D57EF206CA27C00D80ED1 /* exploding.mp3 in Resources */ = {isa = PBXBuildFile; fileRef = 849D57EE206CA27C00D80ED1 /* exploding.mp3 */; };
		849D57F3206CA29800D80ED1 /* jumponmonster.mp3 in Resources */ = {isa = PBXBuildFile; fileRef = 849D57F2206CA29800D80ED1 /* jumponmonster.mp3 */; };
		849D57F5206CA2AC00D80ED1 /* jump.caf in Resources */ = {isa = PBXBuildFile; fileRef = 849D57F4206CA2AC00D80ED1 /* jump.caf */; };
		849D57F7206CA2C000D80ED1 /* start.caf in Resources */ = {isa = PBXBuildFile; fileRef = 849D57F6206CA2BF00D80ED1 /* start.caf */; };
		849D57FB206CA6CA00D80ED1 /* jetpack.mp3 in Resources */ = {isa = PBXBuildFile; fileRef = 849D57FA206CA6CA00D80ED1 /* jetpack.mp3 */; };
		849D57FD206CAF7B00D80ED1 /* monster-crash.mp3 in Resources */ = {isa = PBXBuildFile; fileRef = 849D57FC206CAF7B00D80ED1 /* monster-crash.mp3 */; };
		84AEDCC32040F9BA004AEF18 /* EndGameScene.swift in Sources */ = {isa = PBXBuildFile; fileRef = 84AEDCC22040F9BA004AEF18 /* EndGameScene.swift */; };
		84B0B12F20757DB400353398 /* pada.mp3 in Resources */ = {isa = PBXBuildFile; fileRef = 84B0B12E20757DB400353398 /* pada.mp3 */; };
		84C92761203E87FB00711A66 /* AppDelegate.swift in Sources */ = {isa = PBXBuildFile; fileRef = 84C92760203E87FB00711A66 /* AppDelegate.swift */; };
		84C92763203E87FB00711A66 /* GameScene.sks in Resources */ = {isa = PBXBuildFile; fileRef = 84C92762203E87FB00711A66 /* GameScene.sks */; };
		84C92765203E87FB00711A66 /* Actions.sks in Resources */ = {isa = PBXBuildFile; fileRef = 84C92764203E87FB00711A66 /* Actions.sks */; };
		84C92767203E87FB00711A66 /* GameScene.swift in Sources */ = {isa = PBXBuildFile; fileRef = 84C92766203E87FB00711A66 /* GameScene.swift */; };
		84C92769203E87FB00711A66 /* GameViewController.swift in Sources */ = {isa = PBXBuildFile; fileRef = 84C92768203E87FB00711A66 /* GameViewController.swift */; };
		84C9276C203E87FB00711A66 /* Main.storyboard in Resources */ = {isa = PBXBuildFile; fileRef = 84C9276A203E87FB00711A66 /* Main.storyboard */; };
		84C9276E203E87FB00711A66 /* Assets.xcassets in Resources */ = {isa = PBXBuildFile; fileRef = 84C9276D203E87FB00711A66 /* Assets.xcassets */; };
		84C92771203E87FB00711A66 /* LaunchScreen.storyboard in Resources */ = {isa = PBXBuildFile; fileRef = 84C9276F203E87FB00711A66 /* LaunchScreen.storyboard */; };
		84C9277A203E8B6000711A66 /* Platform5Across.sks in Resources */ = {isa = PBXBuildFile; fileRef = 84C92779203E8B6000711A66 /* Platform5Across.sks */; };
		84C9277E203F23E800711A66 /* Break5Across.sks in Resources */ = {isa = PBXBuildFile; fileRef = 84C9277D203F23E800711A66 /* Break5Across.sks */; };
		84CF177A204E32BE00C44921 /* Pixel Digivolve Italic.otf in Resources */ = {isa = PBXBuildFile; fileRef = 84CF1778204E32BE00C44921 /* Pixel Digivolve Italic.otf */; };
		84CF177C204E392B00C44921 /* Pixel Digivolve.otf in Resources */ = {isa = PBXBuildFile; fileRef = 84CF1779204E32BE00C44921 /* Pixel Digivolve.otf */; };
		84E370E6205891AD001E6C2C /* SKColor+Extensions.swift in Sources */ = {isa = PBXBuildFile; fileRef = 84E370DA205891AD001E6C2C /* SKColor+Extensions.swift */; };
		84E370E7205891AD001E6C2C /* CGVector+Extensions.swift in Sources */ = {isa = PBXBuildFile; fileRef = 84E370DB205891AD001E6C2C /* CGVector+Extensions.swift */; };
		84E370E8205891AD001E6C2C /* Int+Extensions.swift in Sources */ = {isa = PBXBuildFile; fileRef = 84E370DC205891AD001E6C2C /* Int+Extensions.swift */; };
		84E370E9205891AD001E6C2C /* SKTTimingFunctions.swift in Sources */ = {isa = PBXBuildFile; fileRef = 84E370DD205891AD001E6C2C /* SKTTimingFunctions.swift */; };
		84E370EA205891AD001E6C2C /* SKAction+Extensions.swift in Sources */ = {isa = PBXBuildFile; fileRef = 84E370DE205891AD001E6C2C /* SKAction+Extensions.swift */; };
		84E370EB205891AD001E6C2C /* SKAction+SpecialEffects.swift in Sources */ = {isa = PBXBuildFile; fileRef = 84E370DF205891AD001E6C2C /* SKAction+SpecialEffects.swift */; };
		84E370EC205891AD001E6C2C /* SKNode+Extensions.swift in Sources */ = {isa = PBXBuildFile; fileRef = 84E370E0205891AD001E6C2C /* SKNode+Extensions.swift */; };
		84E370ED205891AD001E6C2C /* CGPoint+Extensions.swift in Sources */ = {isa = PBXBuildFile; fileRef = 84E370E1205891AD001E6C2C /* CGPoint+Extensions.swift */; };
		84E370EE205891AD001E6C2C /* SKTEffects.swift in Sources */ = {isa = PBXBuildFile; fileRef = 84E370E2205891AD001E6C2C /* SKTEffects.swift */; };
		84E370EF205891AD001E6C2C /* SKTAudio.swift in Sources */ = {isa = PBXBuildFile; fileRef = 84E370E3205891AD001E6C2C /* SKTAudio.swift */; };
		84E370F0205891AD001E6C2C /* Vector3.swift in Sources */ = {isa = PBXBuildFile; fileRef = 84E370E4205891AD001E6C2C /* Vector3.swift */; };
		84E370F1205891AD001E6C2C /* CGFloat+Extensions.swift in Sources */ = {isa = PBXBuildFile; fileRef = 84E370E5205891AD001E6C2C /* CGFloat+Extensions.swift */; };
		84E4858A203F260800F9A1E4 /* PlatformArrow.sks in Resources */ = {isa = PBXBuildFile; fileRef = 84E48589203F260800F9A1E4 /* PlatformArrow.sks */; };
		84E4858E203F26A100F9A1E4 /* PlatformDiagonal.sks in Resources */ = {isa = PBXBuildFile; fileRef = 84E4858D203F26A100F9A1E4 /* PlatformDiagonal.sks */; };
		84E48590203F275C00F9A1E4 /* BreakArrow.sks in Resources */ = {isa = PBXBuildFile; fileRef = 84E4858F203F275C00F9A1E4 /* BreakArrow.sks */; };
		84E48592203F27A900F9A1E4 /* BreakDiagonal.sks in Resources */ = {isa = PBXBuildFile; fileRef = 84E48591203F27A900F9A1E4 /* BreakDiagonal.sks */; };
/* End PBXBuildFile section */

/* Begin PBXFileReference section */
		841522C62069794700BED8FA /* TFQuestionBank.swift */ = {isa = PBXFileReference; lastKnownFileType = sourcecode.swift; path = TFQuestionBank.swift; sourceTree = "<group>"; };
		841522C92069796D00BED8FA /* TFQuestion.swift */ = {isa = PBXFileReference; lastKnownFileType = sourcecode.swift; path = TFQuestion.swift; sourceTree = "<group>"; };
		841822502041F3BE00CCC6E4 /* GameState.swift */ = {isa = PBXFileReference; lastKnownFileType = sourcecode.swift; path = GameState.swift; sourceTree = "<group>"; };
		841E477A2051ADA8005A43A4 /* Question.swift */ = {isa = PBXFileReference; lastKnownFileType = sourcecode.swift; path = Question.swift; sourceTree = "<group>"; };
		841E477C2051AEA2005A43A4 /* QuestionBank.swift */ = {isa = PBXFileReference; lastKnownFileType = sourcecode.swift; path = QuestionBank.swift; sourceTree = "<group>"; };
		8449C3F5205779D3003C7DE8 /* Coin.sks */ = {isa = PBXFileReference; lastKnownFileType = file.sks; path = Coin.sks; sourceTree = "<group>"; };
		8449C3F720577F11003C7DE8 /* Coin2.sks */ = {isa = PBXFileReference; lastKnownFileType = file.sks; path = Coin2.sks; sourceTree = "<group>"; };
		8476C0C520714F64006D020B /* GameKitHelper.swift */ = {isa = PBXFileReference; lastKnownFileType = sourcecode.swift; path = GameKitHelper.swift; sourceTree = "<group>"; };
		8476C0C72071539F006D020B /* CybernautNavigationController.swift */ = {isa = PBXFileReference; lastKnownFileType = sourcecode.swift; path = CybernautNavigationController.swift; sourceTree = "<group>"; };
		8476C0C920716587006D020B /* GameKit.framework */ = {isa = PBXFileReference; lastKnownFileType = wrapper.framework; name = GameKit.framework; path = System/Library/Frameworks/GameKit.framework; sourceTree = SDKROOT; };
		8476C0CD20719517006D020B /* HomeScreenViewController.swift */ = {isa = PBXFileReference; lastKnownFileType = sourcecode.swift; path = HomeScreenViewController.swift; sourceTree = "<group>"; };
		847FEDA320448A4A002DEA29 /* Assets.xcassets */ = {isa = PBXFileReference; lastKnownFileType = folder.assetcatalog; path = Assets.xcassets; sourceTree = "<group>"; };
		847FEDA620448A63002DEA29 /* Lava.sks */ = {isa = PBXFileReference; lastKnownFileType = file.sks; path = Lava.sks; sourceTree = "<group>"; };
		847FEDA820448FC8002DEA29 /* SmokeTrail.sks */ = {isa = PBXFileReference; lastKnownFileType = file.sks; path = SmokeTrail.sks; sourceTree = "<group>"; };
		8499845E2043836500A35957 /* Platform2Across.sks */ = {isa = PBXFileReference; lastKnownFileType = file.sks; path = Platform2Across.sks; sourceTree = "<group>"; };
		849D57DE20697AB400D80ED1 /* PlayerTrail.sks */ = {isa = PBXFileReference; lastKnownFileType = file.sks; path = PlayerTrail.sks; sourceTree = "<group>"; };
		849D57E4206C7BCD00D80ED1 /* SpaceGame.mp3 */ = {isa = PBXFileReference; lastKnownFileType = audio.mp3; path = SpaceGame.mp3; sourceTree = "<group>"; };
		849D57E8206C806D00D80ED1 /* bombDrop.mp3 */ = {isa = PBXFileReference; lastKnownFileType = audio.mp3; path = bombDrop.mp3; sourceTree = "<group>"; };
		849D57EE206CA27C00D80ED1 /* exploding.mp3 */ = {isa = PBXFileReference; lastKnownFileType = audio.mp3; path = exploding.mp3; sourceTree = "<group>"; };
		849D57F2206CA29800D80ED1 /* jumponmonster.mp3 */ = {isa = PBXFileReference; lastKnownFileType = audio.mp3; path = jumponmonster.mp3; sourceTree = "<group>"; };
		849D57F4206CA2AC00D80ED1 /* jump.caf */ = {isa = PBXFileReference; lastKnownFileType = file; path = jump.caf; sourceTree = "<group>"; };
		849D57F6206CA2BF00D80ED1 /* start.caf */ = {isa = PBXFileReference; lastKnownFileType = file; path = start.caf; sourceTree = "<group>"; };
		849D57FA206CA6CA00D80ED1 /* jetpack.mp3 */ = {isa = PBXFileReference; lastKnownFileType = audio.mp3; path = jetpack.mp3; sourceTree = "<group>"; };
		849D57FC206CAF7B00D80ED1 /* monster-crash.mp3 */ = {isa = PBXFileReference; lastKnownFileType = audio.mp3; path = "monster-crash.mp3"; sourceTree = "<group>"; };
		84AEDCC22040F9BA004AEF18 /* EndGameScene.swift */ = {isa = PBXFileReference; lastKnownFileType = sourcecode.swift; path = EndGameScene.swift; sourceTree = "<group>"; };
		84B0B12C20757D6600353398 /* collect.mp3 */ = {isa = PBXFileReference; lastKnownFileType = audio.mp3; path = collect.mp3; sourceTree = "<group>"; };
		84B0B12E20757DB400353398 /* pada.mp3 */ = {isa = PBXFileReference; lastKnownFileType = audio.mp3; name = pada.mp3; path = ../../../Downloads/pada.mp3; sourceTree = "<group>"; };
		84B0B13220757E1000353398 /* win.mp3 */ = {isa = PBXFileReference; lastKnownFileType = audio.mp3; path = win.mp3; sourceTree = "<group>"; };
		84C9275D203E87FB00711A66 /* Cybernaut.app */ = {isa = PBXFileReference; explicitFileType = wrapper.application; includeInIndex = 0; path = Cybernaut.app; sourceTree = BUILT_PRODUCTS_DIR; };
		84C92760203E87FB00711A66 /* AppDelegate.swift */ = {isa = PBXFileReference; lastKnownFileType = sourcecode.swift; path = AppDelegate.swift; sourceTree = "<group>"; };
		84C92762203E87FB00711A66 /* GameScene.sks */ = {isa = PBXFileReference; lastKnownFileType = file.sks; path = GameScene.sks; sourceTree = "<group>"; };
		84C92764203E87FB00711A66 /* Actions.sks */ = {isa = PBXFileReference; lastKnownFileType = file.sks; path = Actions.sks; sourceTree = "<group>"; };
		84C92766203E87FB00711A66 /* GameScene.swift */ = {isa = PBXFileReference; lastKnownFileType = sourcecode.swift; path = GameScene.swift; sourceTree = "<group>"; };
		84C92768203E87FB00711A66 /* GameViewController.swift */ = {isa = PBXFileReference; lastKnownFileType = sourcecode.swift; path = GameViewController.swift; sourceTree = "<group>"; };
		84C9276B203E87FB00711A66 /* Base */ = {isa = PBXFileReference; lastKnownFileType = file.storyboard; name = Base; path = Base.lproj/Main.storyboard; sourceTree = "<group>"; };
		84C9276D203E87FB00711A66 /* Assets.xcassets */ = {isa = PBXFileReference; lastKnownFileType = folder.assetcatalog; path = Assets.xcassets; sourceTree = "<group>"; };
		84C92770203E87FB00711A66 /* Base */ = {isa = PBXFileReference; lastKnownFileType = file.storyboard; name = Base; path = Base.lproj/LaunchScreen.storyboard; sourceTree = "<group>"; };
		84C92772203E87FB00711A66 /* Info.plist */ = {isa = PBXFileReference; lastKnownFileType = text.plist.xml; path = Info.plist; sourceTree = "<group>"; };
		84C92779203E8B6000711A66 /* Platform5Across.sks */ = {isa = PBXFileReference; lastKnownFileType = file.sks; path = Platform5Across.sks; sourceTree = "<group>"; };
		84C9277D203F23E800711A66 /* Break5Across.sks */ = {isa = PBXFileReference; lastKnownFileType = file.sks; path = Break5Across.sks; sourceTree = "<group>"; };
		84CF1778204E32BE00C44921 /* Pixel Digivolve Italic.otf */ = {isa = PBXFileReference; lastKnownFileType = file; path = "Pixel Digivolve Italic.otf"; sourceTree = "<group>"; };
		84CF1779204E32BE00C44921 /* Pixel Digivolve.otf */ = {isa = PBXFileReference; lastKnownFileType = file; path = "Pixel Digivolve.otf"; sourceTree = "<group>"; };
		84E370DA205891AD001E6C2C /* SKColor+Extensions.swift */ = {isa = PBXFileReference; fileEncoding = 4; lastKnownFileType = sourcecode.swift; path = "SKColor+Extensions.swift"; sourceTree = "<group>"; };
		84E370DB205891AD001E6C2C /* CGVector+Extensions.swift */ = {isa = PBXFileReference; fileEncoding = 4; lastKnownFileType = sourcecode.swift; path = "CGVector+Extensions.swift"; sourceTree = "<group>"; };
		84E370DC205891AD001E6C2C /* Int+Extensions.swift */ = {isa = PBXFileReference; fileEncoding = 4; lastKnownFileType = sourcecode.swift; path = "Int+Extensions.swift"; sourceTree = "<group>"; };
		84E370DD205891AD001E6C2C /* SKTTimingFunctions.swift */ = {isa = PBXFileReference; fileEncoding = 4; lastKnownFileType = sourcecode.swift; path = SKTTimingFunctions.swift; sourceTree = "<group>"; };
		84E370DE205891AD001E6C2C /* SKAction+Extensions.swift */ = {isa = PBXFileReference; fileEncoding = 4; lastKnownFileType = sourcecode.swift; path = "SKAction+Extensions.swift"; sourceTree = "<group>"; };
		84E370DF205891AD001E6C2C /* SKAction+SpecialEffects.swift */ = {isa = PBXFileReference; fileEncoding = 4; lastKnownFileType = sourcecode.swift; path = "SKAction+SpecialEffects.swift"; sourceTree = "<group>"; };
		84E370E0205891AD001E6C2C /* SKNode+Extensions.swift */ = {isa = PBXFileReference; fileEncoding = 4; lastKnownFileType = sourcecode.swift; path = "SKNode+Extensions.swift"; sourceTree = "<group>"; };
		84E370E1205891AD001E6C2C /* CGPoint+Extensions.swift */ = {isa = PBXFileReference; fileEncoding = 4; lastKnownFileType = sourcecode.swift; path = "CGPoint+Extensions.swift"; sourceTree = "<group>"; };
		84E370E2205891AD001E6C2C /* SKTEffects.swift */ = {isa = PBXFileReference; fileEncoding = 4; lastKnownFileType = sourcecode.swift; path = SKTEffects.swift; sourceTree = "<group>"; };
		84E370E3205891AD001E6C2C /* SKTAudio.swift */ = {isa = PBXFileReference; fileEncoding = 4; lastKnownFileType = sourcecode.swift; path = SKTAudio.swift; sourceTree = "<group>"; };
		84E370E4205891AD001E6C2C /* Vector3.swift */ = {isa = PBXFileReference; fileEncoding = 4; lastKnownFileType = sourcecode.swift; path = Vector3.swift; sourceTree = "<group>"; };
		84E370E5205891AD001E6C2C /* CGFloat+Extensions.swift */ = {isa = PBXFileReference; fileEncoding = 4; lastKnownFileType = sourcecode.swift; path = "CGFloat+Extensions.swift"; sourceTree = "<group>"; };
		84E48589203F260800F9A1E4 /* PlatformArrow.sks */ = {isa = PBXFileReference; lastKnownFileType = file.sks; path = PlatformArrow.sks; sourceTree = "<group>"; };
		84E4858D203F26A100F9A1E4 /* PlatformDiagonal.sks */ = {isa = PBXFileReference; lastKnownFileType = file.sks; path = PlatformDiagonal.sks; sourceTree = "<group>"; };
		84E4858F203F275C00F9A1E4 /* BreakArrow.sks */ = {isa = PBXFileReference; lastKnownFileType = file.sks; path = BreakArrow.sks; sourceTree = "<group>"; };
		84E48591203F27A900F9A1E4 /* BreakDiagonal.sks */ = {isa = PBXFileReference; lastKnownFileType = file.sks; path = BreakDiagonal.sks; sourceTree = "<group>"; };
/* End PBXFileReference section */

/* Begin PBXFrameworksBuildPhase section */
		84C9275A203E87FB00711A66 /* Frameworks */ = {
			isa = PBXFrameworksBuildPhase;
			buildActionMask = 2147483647;
			files = (
				8476C0CA20716587006D020B /* GameKit.framework in Frameworks */,
			);
			runOnlyForDeploymentPostprocessing = 0;
		};
/* End PBXFrameworksBuildPhase section */

/* Begin PBXGroup section */
		841522C82069794C00BED8FA /* Question */ = {
			isa = PBXGroup;
			children = (
				841522C62069794700BED8FA /* TFQuestionBank.swift */,
				841522C92069796D00BED8FA /* TFQuestion.swift */,
				841E477C2051AEA2005A43A4 /* QuestionBank.swift */,
				841E477A2051ADA8005A43A4 /* Question.swift */,
			);
			path = Question;
			sourceTree = "<group>";
		};
		8476C0C420714F2E006D020B /* GameKit */ = {
			isa = PBXGroup;
			children = (
				8476C0C520714F64006D020B /* GameKitHelper.swift */,
			);
			path = GameKit;
			sourceTree = "<group>";
		};
		847FED99204489FA002DEA29 /* Particles */ = {
			isa = PBXGroup;
			children = (
				847FEDA320448A4A002DEA29 /* Assets.xcassets */,
				847FEDA620448A63002DEA29 /* Lava.sks */,
				847FEDA820448FC8002DEA29 /* SmokeTrail.sks */,
				849D57DE20697AB400D80ED1 /* PlayerTrail.sks */,
			);
			path = Particles;
			sourceTree = "<group>";
		};
		849D57EA206C807300D80ED1 /* Sounds */ = {
			isa = PBXGroup;
			children = (
				84B0B13220757E1000353398 /* win.mp3 */,
				84B0B12E20757DB400353398 /* pada.mp3 */,
				84B0B12C20757D6600353398 /* collect.mp3 */,
				849D57FC206CAF7B00D80ED1 /* monster-crash.mp3 */,
				849D57FA206CA6CA00D80ED1 /* jetpack.mp3 */,
				849D57EE206CA27C00D80ED1 /* exploding.mp3 */,
				849D57F2206CA29800D80ED1 /* jumponmonster.mp3 */,
				849D57F4206CA2AC00D80ED1 /* jump.caf */,
				849D57F6206CA2BF00D80ED1 /* start.caf */,
				849D57E4206C7BCD00D80ED1 /* SpaceGame.mp3 */,
				849D57E8206C806D00D80ED1 /* bombDrop.mp3 */,
			);
			path = Sounds;
			sourceTree = "<group>";
		};
		849D57EB206C93D700D80ED1 /* Frameworks */ = {
			isa = PBXGroup;
			children = (
				8476C0C920716587006D020B /* GameKit.framework */,
			);
			name = Frameworks;
			sourceTree = "<group>";
		};
		84C92754203E87FB00711A66 = {
			isa = PBXGroup;
			children = (
				84C9275F203E87FB00711A66 /* Cybernaut */,
				84C9275E203E87FB00711A66 /* Products */,
				849D57EB206C93D700D80ED1 /* Frameworks */,
			);
			sourceTree = "<group>";
		};
		84C9275E203E87FB00711A66 /* Products */ = {
			isa = PBXGroup;
			children = (
				84C9275D203E87FB00711A66 /* Cybernaut.app */,
			);
			name = Products;
			sourceTree = "<group>";
		};
		84C9275F203E87FB00711A66 /* Cybernaut */ = {
			isa = PBXGroup;
			children = (
				8476C0C420714F2E006D020B /* GameKit */,
				84C92778203E8B4100711A66 /* Scene Files */,
				84C92760203E87FB00711A66 /* AppDelegate.swift */,
				841522C82069794C00BED8FA /* Question */,
				84C92764203E87FB00711A66 /* Actions.sks */,
				84C92762203E87FB00711A66 /* GameScene.sks */,
				84C92766203E87FB00711A66 /* GameScene.swift */,
				849D57EA206C807300D80ED1 /* Sounds */,
				847FED99204489FA002DEA29 /* Particles */,
				841822502041F3BE00CCC6E4 /* GameState.swift */,
				84AEDCC22040F9BA004AEF18 /* EndGameScene.swift */,
				84C92768203E87FB00711A66 /* GameViewController.swift */,
				8476C0CD20719517006D020B /* HomeScreenViewController.swift */,
				8476C0C72071539F006D020B /* CybernautNavigationController.swift */,
				84C9276A203E87FB00711A66 /* Main.storyboard */,
				84C9276D203E87FB00711A66 /* Assets.xcassets */,
				84C9276F203E87FB00711A66 /* LaunchScreen.storyboard */,
				84C92772203E87FB00711A66 /* Info.plist */,
				84E370D9205891AD001E6C2C /* SKTUtils */,
				84CF1777204E31F700C44921 /* Font */,
			);
			path = Cybernaut;
			sourceTree = "<group>";
		};
		84C92778203E8B4100711A66 /* Scene Files */ = {
			isa = PBXGroup;
			children = (
				84C92779203E8B6000711A66 /* Platform5Across.sks */,
				8499845E2043836500A35957 /* Platform2Across.sks */,
				84E48589203F260800F9A1E4 /* PlatformArrow.sks */,
				84E4858F203F275C00F9A1E4 /* BreakArrow.sks */,
				84E4858D203F26A100F9A1E4 /* PlatformDiagonal.sks */,
				84E48591203F27A900F9A1E4 /* BreakDiagonal.sks */,
				84C9277D203F23E800711A66 /* Break5Across.sks */,
				8449C3F5205779D3003C7DE8 /* Coin.sks */,
				8449C3F720577F11003C7DE8 /* Coin2.sks */,
			);
			path = "Scene Files";
			sourceTree = "<group>";
		};
		84CF1777204E31F700C44921 /* Font */ = {
			isa = PBXGroup;
			children = (
				84CF1778204E32BE00C44921 /* Pixel Digivolve Italic.otf */,
				84CF1779204E32BE00C44921 /* Pixel Digivolve.otf */,
			);
			path = Font;
			sourceTree = "<group>";
		};
		84E370D9205891AD001E6C2C /* SKTUtils */ = {
			isa = PBXGroup;
			children = (
				84E370DA205891AD001E6C2C /* SKColor+Extensions.swift */,
				84E370DB205891AD001E6C2C /* CGVector+Extensions.swift */,
				84E370DC205891AD001E6C2C /* Int+Extensions.swift */,
				84E370DD205891AD001E6C2C /* SKTTimingFunctions.swift */,
				84E370DE205891AD001E6C2C /* SKAction+Extensions.swift */,
				84E370DF205891AD001E6C2C /* SKAction+SpecialEffects.swift */,
				84E370E0205891AD001E6C2C /* SKNode+Extensions.swift */,
				84E370E1205891AD001E6C2C /* CGPoint+Extensions.swift */,
				84E370E2205891AD001E6C2C /* SKTEffects.swift */,
				84E370E3205891AD001E6C2C /* SKTAudio.swift */,
				84E370E4205891AD001E6C2C /* Vector3.swift */,
				84E370E5205891AD001E6C2C /* CGFloat+Extensions.swift */,
			);
			path = SKTUtils;
			sourceTree = "<group>";
		};
/* End PBXGroup section */

/* Begin PBXNativeTarget section */
		84C9275C203E87FB00711A66 /* Cybernaut */ = {
			isa = PBXNativeTarget;
			buildConfigurationList = 84C92775203E87FB00711A66 /* Build configuration list for PBXNativeTarget "Cybernaut" */;
			buildPhases = (
				84C92759203E87FB00711A66 /* Sources */,
				84C9275A203E87FB00711A66 /* Frameworks */,
				84C9275B203E87FB00711A66 /* Resources */,
			);
			buildRules = (
			);
			dependencies = (
			);
			name = Cybernaut;
			productName = CyberMonkey;
			productReference = 84C9275D203E87FB00711A66 /* Cybernaut.app */;
			productType = "com.apple.product-type.application";
		};
/* End PBXNativeTarget section */

/* Begin PBXProject section */
		84C92755203E87FB00711A66 /* Project object */ = {
			isa = PBXProject;
			attributes = {
				LastSwiftUpdateCheck = 0920;
				LastUpgradeCheck = 0930;
				ORGANIZATIONNAME = "Jonathan Yang";
				TargetAttributes = {
					84C9275C203E87FB00711A66 = {
						CreatedOnToolsVersion = 9.2;
						LastSwiftMigration = 0920;
						ProvisioningStyle = Automatic;
						SystemCapabilities = {
							com.apple.GameCenter = {
								enabled = 1;
							};
							com.apple.GameCenter.iOS = {
								enabled = 1;
							};
						};
					};
				};
			};
			buildConfigurationList = 84C92758203E87FB00711A66 /* Build configuration list for PBXProject "Cybernaut" */;
			compatibilityVersion = "Xcode 8.0";
			developmentRegion = en;
			hasScannedForEncodings = 0;
			knownRegions = (
				en,
				Base,
			);
			mainGroup = 84C92754203E87FB00711A66;
			productRefGroup = 84C9275E203E87FB00711A66 /* Products */;
			projectDirPath = "";
			projectRoot = "";
			targets = (
				84C9275C203E87FB00711A66 /* Cybernaut */,
			);
		};
/* End PBXProject section */

/* Begin PBXResourcesBuildPhase section */
		84C9275B203E87FB00711A66 /* Resources */ = {
			isa = PBXResourcesBuildPhase;
			buildActionMask = 2147483647;
			files = (
				84E4858A203F260800F9A1E4 /* PlatformArrow.sks in Resources */,
				84C9276C203E87FB00711A66 /* Main.storyboard in Resources */,
				84C92763203E87FB00711A66 /* GameScene.sks in Resources */,
				847FEDA520448A4A002DEA29 /* Assets.xcassets in Resources */,
				84C9276E203E87FB00711A66 /* Assets.xcassets in Resources */,
				84C92771203E87FB00711A66 /* LaunchScreen.storyboard in Resources */,
				849D57DF20697AB400D80ED1 /* PlayerTrail.sks in Resources */,
				84E48590203F275C00F9A1E4 /* BreakArrow.sks in Resources */,
				849D57E5206C7BCE00D80ED1 /* SpaceGame.mp3 in Resources */,
				84B0B12F20757DB400353398 /* pada.mp3 in Resources */,
				849D57F3206CA29800D80ED1 /* jumponmonster.mp3 in Resources */,
				847FEDA920448FC8002DEA29 /* SmokeTrail.sks in Resources */,
				849D57E9206C806D00D80ED1 /* bombDrop.mp3 in Resources */,
				84C92765203E87FB00711A66 /* Actions.sks in Resources */,
				84C9277E203F23E800711A66 /* Break5Across.sks in Resources */,
				8449C3F820577F11003C7DE8 /* Coin2.sks in Resources */,
				84CF177A204E32BE00C44921 /* Pixel Digivolve Italic.otf in Resources */,
				8499845F2043836500A35957 /* Platform2Across.sks in Resources */,
				849D57EF206CA27C00D80ED1 /* exploding.mp3 in Resources */,
				849D57F5206CA2AC00D80ED1 /* jump.caf in Resources */,
				847FEDA720448A63002DEA29 /* Lava.sks in Resources */,
				849D57F7206CA2C000D80ED1 /* start.caf in Resources */,
				84E48592203F27A900F9A1E4 /* BreakDiagonal.sks in Resources */,
				849D57FB206CA6CA00D80ED1 /* jetpack.mp3 in Resources */,
				84CF177C204E392B00C44921 /* Pixel Digivolve.otf in Resources */,
				84E4858E203F26A100F9A1E4 /* PlatformDiagonal.sks in Resources */,
				84C9277A203E8B6000711A66 /* Platform5Across.sks in Resources */,
				8449C3F6205779D3003C7DE8 /* Coin.sks in Resources */,
				849D57FD206CAF7B00D80ED1 /* monster-crash.mp3 in Resources */,
			);
			runOnlyForDeploymentPostprocessing = 0;
		};
/* End PBXResourcesBuildPhase section */

/* Begin PBXSourcesBuildPhase section */
		84C92759203E87FB00711A66 /* Sources */ = {
			isa = PBXSourcesBuildPhase;
			buildActionMask = 2147483647;
			files = (
				8476C0C620714F64006D020B /* GameKitHelper.swift in Sources */,
				841E477B2051ADA8005A43A4 /* Question.swift in Sources */,
				841522C72069794700BED8FA /* TFQuestionBank.swift in Sources */,
				84E370ED205891AD001E6C2C /* CGPoint+Extensions.swift in Sources */,
				84AEDCC32040F9BA004AEF18 /* EndGameScene.swift in Sources */,
				84E370E9205891AD001E6C2C /* SKTTimingFunctions.swift in Sources */,
				84E370EA205891AD001E6C2C /* SKAction+Extensions.swift in Sources */,
				84E370F1205891AD001E6C2C /* CGFloat+Extensions.swift in Sources */,
				84E370E7205891AD001E6C2C /* CGVector+Extensions.swift in Sources */,
				8476C0C82071539F006D020B /* CybernautNavigationController.swift in Sources */,
				84E370EF205891AD001E6C2C /* SKTAudio.swift in Sources */,
				84C92767203E87FB00711A66 /* GameScene.swift in Sources */,
				84E370E6205891AD001E6C2C /* SKColor+Extensions.swift in Sources */,
				84E370EC205891AD001E6C2C /* SKNode+Extensions.swift in Sources */,
				84E370EB205891AD001E6C2C /* SKAction+SpecialEffects.swift in Sources */,
				841822512041F3BE00CCC6E4 /* GameState.swift in Sources */,
				841E477D2051AEA2005A43A4 /* QuestionBank.swift in Sources */,
				8476C0CE20719517006D020B /* HomeScreenViewController.swift in Sources */,
				841522CA2069796D00BED8FA /* TFQuestion.swift in Sources */,
				84C92769203E87FB00711A66 /* GameViewController.swift in Sources */,
				84E370EE205891AD001E6C2C /* SKTEffects.swift in Sources */,
				84C92761203E87FB00711A66 /* AppDelegate.swift in Sources */,
				84E370F0205891AD001E6C2C /* Vector3.swift in Sources */,
				84E370E8205891AD001E6C2C /* Int+Extensions.swift in Sources */,
			);
			runOnlyForDeploymentPostprocessing = 0;
		};
/* End PBXSourcesBuildPhase section */

/* Begin PBXVariantGroup section */
		84C9276A203E87FB00711A66 /* Main.storyboard */ = {
			isa = PBXVariantGroup;
			children = (
				84C9276B203E87FB00711A66 /* Base */,
			);
			name = Main.storyboard;
			sourceTree = "<group>";
		};
		84C9276F203E87FB00711A66 /* LaunchScreen.storyboard */ = {
			isa = PBXVariantGroup;
			children = (
				84C92770203E87FB00711A66 /* Base */,
			);
			name = LaunchScreen.storyboard;
			sourceTree = "<group>";
		};
/* End PBXVariantGroup section */

/* Begin XCBuildConfiguration section */
		84C92773203E87FB00711A66 /* Debug */ = {
			isa = XCBuildConfiguration;
			buildSettings = {
				ALWAYS_SEARCH_USER_PATHS = NO;
				CLANG_ANALYZER_NONNULL = YES;
				CLANG_ANALYZER_NUMBER_OBJECT_CONVERSION = YES_AGGRESSIVE;
				CLANG_CXX_LANGUAGE_STANDARD = "gnu++14";
				CLANG_CXX_LIBRARY = "libc++";
				CLANG_ENABLE_MODULES = YES;
				CLANG_ENABLE_OBJC_ARC = YES;
				CLANG_WARN_BLOCK_CAPTURE_AUTORELEASING = YES;
				CLANG_WARN_BOOL_CONVERSION = YES;
				CLANG_WARN_COMMA = YES;
				CLANG_WARN_CONSTANT_CONVERSION = YES;
				CLANG_WARN_DEPRECATED_OBJC_IMPLEMENTATIONS = YES;
				CLANG_WARN_DIRECT_OBJC_ISA_USAGE = YES_ERROR;
				CLANG_WARN_DOCUMENTATION_COMMENTS = YES;
				CLANG_WARN_EMPTY_BODY = YES;
				CLANG_WARN_ENUM_CONVERSION = YES;
				CLANG_WARN_INFINITE_RECURSION = YES;
				CLANG_WARN_INT_CONVERSION = YES;
				CLANG_WARN_NON_LITERAL_NULL_CONVERSION = YES;
				CLANG_WARN_OBJC_IMPLICIT_RETAIN_SELF = YES;
				CLANG_WARN_OBJC_LITERAL_CONVERSION = YES;
				CLANG_WARN_OBJC_ROOT_CLASS = YES_ERROR;
				CLANG_WARN_RANGE_LOOP_ANALYSIS = YES;
				CLANG_WARN_STRICT_PROTOTYPES = YES;
				CLANG_WARN_SUSPICIOUS_MOVE = YES;
				CLANG_WARN_UNGUARDED_AVAILABILITY = YES_AGGRESSIVE;
				CLANG_WARN_UNREACHABLE_CODE = YES;
				CLANG_WARN__DUPLICATE_METHOD_MATCH = YES;
				CODE_SIGN_IDENTITY = "iPhone Developer";
				COPY_PHASE_STRIP = NO;
				DEBUG_INFORMATION_FORMAT = dwarf;
				ENABLE_STRICT_OBJC_MSGSEND = YES;
				ENABLE_TESTABILITY = YES;
				GCC_C_LANGUAGE_STANDARD = gnu11;
				GCC_DYNAMIC_NO_PIC = NO;
				GCC_NO_COMMON_BLOCKS = YES;
				GCC_OPTIMIZATION_LEVEL = 0;
				GCC_PREPROCESSOR_DEFINITIONS = (
					"DEBUG=1",
					"$(inherited)",
				);
				GCC_WARN_64_TO_32_BIT_CONVERSION = YES;
				GCC_WARN_ABOUT_RETURN_TYPE = YES_ERROR;
				GCC_WARN_UNDECLARED_SELECTOR = YES;
				GCC_WARN_UNINITIALIZED_AUTOS = YES_AGGRESSIVE;
				GCC_WARN_UNUSED_FUNCTION = YES;
				GCC_WARN_UNUSED_VARIABLE = YES;
				IPHONEOS_DEPLOYMENT_TARGET = 11.2;
				MTL_ENABLE_DEBUG_INFO = YES;
				ONLY_ACTIVE_ARCH = YES;
				SDKROOT = iphoneos;
				SWIFT_ACTIVE_COMPILATION_CONDITIONS = DEBUG;
				SWIFT_OPTIMIZATION_LEVEL = "-Onone";
			};
			name = Debug;
		};
		84C92774203E87FB00711A66 /* Release */ = {
			isa = XCBuildConfiguration;
			buildSettings = {
				ALWAYS_SEARCH_USER_PATHS = NO;
				CLANG_ANALYZER_NONNULL = YES;
				CLANG_ANALYZER_NUMBER_OBJECT_CONVERSION = YES_AGGRESSIVE;
				CLANG_CXX_LANGUAGE_STANDARD = "gnu++14";
				CLANG_CXX_LIBRARY = "libc++";
				CLANG_ENABLE_MODULES = YES;
				CLANG_ENABLE_OBJC_ARC = YES;
				CLANG_WARN_BLOCK_CAPTURE_AUTORELEASING = YES;
				CLANG_WARN_BOOL_CONVERSION = YES;
				CLANG_WARN_COMMA = YES;
				CLANG_WARN_CONSTANT_CONVERSION = YES;
				CLANG_WARN_DEPRECATED_OBJC_IMPLEMENTATIONS = YES;
				CLANG_WARN_DIRECT_OBJC_ISA_USAGE = YES_ERROR;
				CLANG_WARN_DOCUMENTATION_COMMENTS = YES;
				CLANG_WARN_EMPTY_BODY = YES;
				CLANG_WARN_ENUM_CONVERSION = YES;
				CLANG_WARN_INFINITE_RECURSION = YES;
				CLANG_WARN_INT_CONVERSION = YES;
				CLANG_WARN_NON_LITERAL_NULL_CONVERSION = YES;
				CLANG_WARN_OBJC_IMPLICIT_RETAIN_SELF = YES;
				CLANG_WARN_OBJC_LITERAL_CONVERSION = YES;
				CLANG_WARN_OBJC_ROOT_CLASS = YES_ERROR;
				CLANG_WARN_RANGE_LOOP_ANALYSIS = YES;
				CLANG_WARN_STRICT_PROTOTYPES = YES;
				CLANG_WARN_SUSPICIOUS_MOVE = YES;
				CLANG_WARN_UNGUARDED_AVAILABILITY = YES_AGGRESSIVE;
				CLANG_WARN_UNREACHABLE_CODE = YES;
				CLANG_WARN__DUPLICATE_METHOD_MATCH = YES;
				CODE_SIGN_IDENTITY = "iPhone Developer";
				COPY_PHASE_STRIP = NO;
				DEBUG_INFORMATION_FORMAT = "dwarf-with-dsym";
				ENABLE_NS_ASSERTIONS = NO;
				ENABLE_STRICT_OBJC_MSGSEND = YES;
				GCC_C_LANGUAGE_STANDARD = gnu11;
				GCC_NO_COMMON_BLOCKS = YES;
				GCC_WARN_64_TO_32_BIT_CONVERSION = YES;
				GCC_WARN_ABOUT_RETURN_TYPE = YES_ERROR;
				GCC_WARN_UNDECLARED_SELECTOR = YES;
				GCC_WARN_UNINITIALIZED_AUTOS = YES_AGGRESSIVE;
				GCC_WARN_UNUSED_FUNCTION = YES;
				GCC_WARN_UNUSED_VARIABLE = YES;
				IPHONEOS_DEPLOYMENT_TARGET = 11.2;
				MTL_ENABLE_DEBUG_INFO = NO;
				SDKROOT = iphoneos;
				SWIFT_OPTIMIZATION_LEVEL = "-Owholemodule";
				VALIDATE_PRODUCT = YES;
			};
			name = Release;
		};
		84C92776203E87FB00711A66 /* Debug */ = {
			isa = XCBuildConfiguration;
			buildSettings = {
				ASSETCATALOG_COMPILER_APPICON_NAME = AppIcon;
				CLANG_ENABLE_MODULES = YES;
				CODE_SIGN_STYLE = Automatic;
				DEVELOPMENT_TEAM = 7947RL28M2;
				INFOPLIST_FILE = Cybernaut/Info.plist;
				IPHONEOS_DEPLOYMENT_TARGET = 11.3;
				LD_RUNPATH_SEARCH_PATHS = "$(inherited) @executable_path/Frameworks";
				PRODUCT_BUNDLE_IDENTIFIER = yangter23.Cybernaut23;
				PRODUCT_NAME = "$(TARGET_NAME)";
				SWIFT_OPTIMIZATION_LEVEL = "-Onone";
				SWIFT_VERSION = 4.0;
				TARGETED_DEVICE_FAMILY = "1,2";
			};
			name = Debug;
		};
		84C92777203E87FB00711A66 /* Release */ = {
			isa = XCBuildConfiguration;
			buildSettings = {
				ASSETCATALOG_COMPILER_APPICON_NAME = AppIcon;
				CLANG_ENABLE_MODULES = YES;
				CODE_SIGN_STYLE = Automatic;
				DEVELOPMENT_TEAM = 7947RL28M2;
				INFOPLIST_FILE = Cybernaut/Info.plist;
				IPHONEOS_DEPLOYMENT_TARGET = 11.3;
				LD_RUNPATH_SEARCH_PATHS = "$(inherited) @executable_path/Frameworks";
				PRODUCT_BUNDLE_IDENTIFIER = yangter23.Cybernaut23;
				PRODUCT_NAME = "$(TARGET_NAME)";
				SWIFT_VERSION = 4.0;
				TARGETED_DEVICE_FAMILY = "1,2";
			};
			name = Release;
		};
/* End XCBuildConfiguration section */

/* Begin XCConfigurationList section */
		84C92758203E87FB00711A66 /* Build configuration list for PBXProject "Cybernaut" */ = {
			isa = XCConfigurationList;
			buildConfigurations = (
				84C92773203E87FB00711A66 /* Debug */,
				84C92774203E87FB00711A66 /* Release */,
			);
			defaultConfigurationIsVisible = 0;
			defaultConfigurationName = Release;
		};
		84C92775203E87FB00711A66 /* Build configuration list for PBXNativeTarget "Cybernaut" */ = {
			isa = XCConfigurationList;
			buildConfigurations = (
				84C92776203E87FB00711A66 /* Debug */,
				84C92777203E87FB00711A66 /* Release */,
			);
			defaultConfigurationIsVisible = 0;
			defaultConfigurationName = Release;
		};
/* End XCConfigurationList section */
	};
	rootObject = 84C92755203E87FB00711A66 /* Project object */;
}
